
Microsoft Visual Studio Solution File, Format Version 12.00
# Visual Studio Version 17
VisualStudioVersion = 17.5.33516.290
MinimumVisualStudioVersion = 10.0.40219.1
Project("{FAE04EC0-301F-11D3-BF4B-00C04F79EFBC}") = "Desafio-Terra.API", "Desafio-Terra.API\Desafio-Terra.API.csproj", "{19D3919A-6D5E-4C16-AE31-1CDD5E050424}"
EndProject
Project("{FAE04EC0-301F-11D3-BF4B-00C04F79EFBC}") = "Desafio-Terra.Domain", "Desafio-Terra.Domain\Desafio-Terra.Domain.csproj", "{90E4EA67-D459-43E9-911B-051F941A1F11}"
EndProject
Project("{FAE04EC0-301F-11D3-BF4B-00C04F79EFBC}") = "Desafio-Terra.Github.API", "Desafio-Terra.Github.API\Desafio-Terra.Github.API.csproj", "{E1D4ECCE-AFEC-4621-BB3B-839E42925DC0}"
EndProject
Project("{FAE04EC0-301F-11D3-BF4B-00C04F79EFBC}") = "Desafio-Terra.Core", "Desafio-Terra.Core\Desafio-Terra.Core.csproj", "{3AE49710-AFDB-45EE-8D82-39A1A5D9E4DB}"
EndProject
Project("{FAE04EC0-301F-11D3-BF4B-00C04F79EFBC}") = "Desafio-Terra.Test", "Desafio-Terra.Test\Desafio-Terra.Test.csproj", "{386BC7EC-AA0E-4515-9DED-B1D6E9463F4B}"
EndProject
Global
	GlobalSection(SolutionConfigurationPlatforms) = preSolution
		Debug|Any CPU = Debug|Any CPU
		Release|Any CPU = Release|Any CPU
	EndGlobalSection
	GlobalSection(ProjectConfigurationPlatforms) = postSolution
		{19D3919A-6D5E-4C16-AE31-1CDD5E050424}.Debug|Any CPU.ActiveCfg = Debug|Any CPU
		{19D3919A-6D5E-4C16-AE31-1CDD5E050424}.Debug|Any CPU.Build.0 = Debug|Any CPU
		{19D3919A-6D5E-4C16-AE31-1CDD5E050424}.Release|Any CPU.ActiveCfg = Release|Any CPU
		{19D3919A-6D5E-4C16-AE31-1CDD5E050424}.Release|Any CPU.Build.0 = Release|Any CPU
		{90E4EA67-D459-43E9-911B-051F941A1F11}.Debug|Any CPU.ActiveCfg = Debug|Any CPU
		{90E4EA67-D459-43E9-911B-051F941A1F11}.Debug|Any CPU.Build.0 = Debug|Any CPU
		{90E4EA67-D459-43E9-911B-051F941A1F11}.Release|Any CPU.ActiveCfg = Release|Any CPU
		{90E4EA67-D459-43E9-911B-051F941A1F11}.Release|Any CPU.Build.0 = Release|Any CPU
		{E1D4ECCE-AFEC-4621-BB3B-839E42925DC0}.Debug|Any CPU.ActiveCfg = Debug|Any CPU
		{E1D4ECCE-AFEC-4621-BB3B-839E42925DC0}.Debug|Any CPU.Build.0 = Debug|Any CPU
		{E1D4ECCE-AFEC-4621-BB3B-839E42925DC0}.Release|Any CPU.ActiveCfg = Release|Any CPU
		{E1D4ECCE-AFEC-4621-BB3B-839E42925DC0}.Release|Any CPU.Build.0 = Release|Any CPU
		{3AE49710-AFDB-45EE-8D82-39A1A5D9E4DB}.Debug|Any CPU.ActiveCfg = Debug|Any CPU
		{3AE49710-AFDB-45EE-8D82-39A1A5D9E4DB}.Debug|Any CPU.Build.0 = Debug|Any CPU
		{3AE49710-AFDB-45EE-8D82-39A1A5D9E4DB}.Release|Any CPU.ActiveCfg = Release|Any CPU
		{3AE49710-AFDB-45EE-8D82-39A1A5D9E4DB}.Release|Any CPU.Build.0 = Release|Any CPU
		{386BC7EC-AA0E-4515-9DED-B1D6E9463F4B}.Debug|Any CPU.ActiveCfg = Debug|Any CPU
		{386BC7EC-AA0E-4515-9DED-B1D6E9463F4B}.Debug|Any CPU.Build.0 = Debug|Any CPU
		{386BC7EC-AA0E-4515-9DED-B1D6E9463F4B}.Release|Any CPU.ActiveCfg = Release|Any CPU
		{386BC7EC-AA0E-4515-9DED-B1D6E9463F4B}.Release|Any CPU.Build.0 = Release|Any CPU
	EndGlobalSection
	GlobalSection(SolutionProperties) = preSolution
		HideSolutionNode = FALSE
	EndGlobalSection
	GlobalSection(ExtensibilityGlobals) = postSolution
		SolutionGuid = {7421D740-67B0-4EE0-826F-A9C004CD9153}
	EndGlobalSection
EndGlobal
